
Microsoft Visual Studio Solution File, Format Version 12.00
# Visual Studio Version 17
VisualStudioVersion = 17.3.32922.545
MinimumVisualStudioVersion = 10.0.40219.1
Project("{FAE04EC0-301F-11D3-BF4B-00C04F79EFBC}") = "Emenu.Api", "Emenu.Api\Emenu.Api.csproj", "{1602A16D-B2F3-4802-8EDC-7669A877D832}"
EndProject
Project("{FAE04EC0-301F-11D3-BF4B-00C04F79EFBC}") = "Emenu.Core", "Emenu.Core\Emenu.Core.csproj", "{E489B61A-9B50-4802-ADD6-2668FDE38E50}"
EndProject
Project("{FAE04EC0-301F-11D3-BF4B-00C04F79EFBC}") = "Emenu.DAL", "Emenu.DAL\Emenu.DAL.csproj", "{FAD3B792-C905-45DC-ABB8-AE605AC39C6A}"
EndProject
Global
	GlobalSection(SolutionConfigurationPlatforms) = preSolution
		Debug|Any CPU = Debug|Any CPU
		Release|Any CPU = Release|Any CPU
	EndGlobalSection
	GlobalSection(ProjectConfigurationPlatforms) = postSolution
		{1602A16D-B2F3-4802-8EDC-7669A877D832}.Debug|Any CPU.ActiveCfg = Debug|Any CPU
		{1602A16D-B2F3-4802-8EDC-7669A877D832}.Debug|Any CPU.Build.0 = Debug|Any CPU
		{1602A16D-B2F3-4802-8EDC-7669A877D832}.Release|Any CPU.ActiveCfg = Release|Any CPU
		{1602A16D-B2F3-4802-8EDC-7669A877D832}.Release|Any CPU.Build.0 = Release|Any CPU
		{E489B61A-9B50-4802-ADD6-2668FDE38E50}.Debug|Any CPU.ActiveCfg = Debug|Any CPU
		{E489B61A-9B50-4802-ADD6-2668FDE38E50}.Debug|Any CPU.Build.0 = Debug|Any CPU
		{E489B61A-9B50-4802-ADD6-2668FDE38E50}.Release|Any CPU.ActiveCfg = Release|Any CPU
		{E489B61A-9B50-4802-ADD6-2668FDE38E50}.Release|Any CPU.Build.0 = Release|Any CPU
		{FAD3B792-C905-45DC-ABB8-AE605AC39C6A}.Debug|Any CPU.ActiveCfg = Debug|Any CPU
		{FAD3B792-C905-45DC-ABB8-AE605AC39C6A}.Debug|Any CPU.Build.0 = Debug|Any CPU
		{FAD3B792-C905-45DC-ABB8-AE605AC39C6A}.Release|Any CPU.ActiveCfg = Release|Any CPU
		{FAD3B792-C905-45DC-ABB8-AE605AC39C6A}.Release|Any CPU.Build.0 = Release|Any CPU
	EndGlobalSection
	GlobalSection(SolutionProperties) = preSolution
		HideSolutionNode = FALSE
	EndGlobalSection
	GlobalSection(ExtensibilityGlobals) = postSolution
		SolutionGuid = {5DE914E8-F213-4EBB-88CD-0C3C158BAD07}
	EndGlobalSection
EndGlobal
